{
  "requires": true,
  "lockfileVersion": 1,
  "dependencies": {
    "vue": {
      "version": "2.5.9",
      "resolved": "https://registry.npmjs.org/vue/-/vue-2.5.9.tgz",
      "integrity": "sha512-9B9XBpCtj8y5eJFrspIcKxIWt+lG9FMdF8qgyOlUeOIvcS4xSAvcARygbzHA6Pi0KWFj4BvxjtWbuPVWRx/wuA=="
    },
    "vue-pure-lightbox": {
      "version": "2.1.4",
      "resolved": "https://registry.npmjs.org/vue-pure-lightbox/-/vue-pure-lightbox-2.1.4.tgz",
      "integrity": "sha512-rvVp0bRL9r5Cm2fpDOw7w2EWjC9OS+wxdPwdF+H9tr2zTJuTbMj1vOda85dOzkRF+zCLMQ5jV3ac6zejGj1ksQ==",
      "requires": {
        "vue": "2.5.9"
      }
    }
  }
}
